
Microsoft Visual Studio Solution File, Format Version 12.00
# Visual Studio Version 17
VisualStudioVersion = 17.7.33913.275
MinimumVisualStudioVersion = 10.0.40219.1
Project("{2150E333-8FDC-42A3-9474-1A3956D46DE8}") = "Source", "Source", "{D7170F15-BEA2-40C2-8F0E-E86C2C4EDEDA}"
EndProject
Project("{2150E333-8FDC-42A3-9474-1A3956D46DE8}") = "Libraries", "Libraries", "{A08A5AB5-2A25-4F31-9095-F9D97E7165A0}"
EndProject
Project("{2150E333-8FDC-42A3-9474-1A3956D46DE8}") = "Tests", "Tests", "{EFBE5641-5DF3-4BC5-A48D-63AE5B1A0790}"
EndProject
Project("{2150E333-8FDC-42A3-9474-1A3956D46DE8}") = "Core", "Core", "{ACD812AB-72E2-4CD8-9566-8AF085B11349}"
EndProject
Project("{2150E333-8FDC-42A3-9474-1A3956D46DE8}") = "Framework", "Framework", "{D6806617-518C-452B-AB24-36085E5D2DCA}"
EndProject
Project("{D954291E-2A0B-460D-934E-DC6B0785DB48}") = "CsTool.LoggerSrc", "Source\Libraries\CsTool.LoggerSrc\CsTool.LoggerSrc.shproj", "{0D328CE9-244C-4B17-B056-AEE758A3AB78}"
EndProject
Project("{2150E333-8FDC-42A3-9474-1A3956D46DE8}") = "Tests", "Tests", "{650002C9-E42B-4556-9F4E-64225B84F36D}"
EndProject
Project("{2150E333-8FDC-42A3-9474-1A3956D46DE8}") = "Tests", "Tests", "{C99201EC-4467-4041-9438-852D599E478F}"
EndProject
Project("{2150E333-8FDC-42A3-9474-1A3956D46DE8}") = "Libraries", "Libraries", "{B4ABB0DD-3A68-430B-BF78-D5D4C571CB39}"
EndProject
Project("{2150E333-8FDC-42A3-9474-1A3956D46DE8}") = "Libraries", "Libraries", "{24B28C5C-59FE-4FE4-B4B5-3873031400BC}"
EndProject
Project("{FAE04EC0-301F-11D3-BF4B-00C04F79EFBC}") = "CsTool.Logger", "Framework\Libraries\CsTool.Logger\CsTool.Logger.csproj", "{1AB48E96-44FE-4278-96BA-478C67BC7B01}"
EndProject
Project("{D954291E-2A0B-460D-934E-DC6B0785DB48}") = "Test.LoggerSrc", "Source\Tests\Test.LoggerSrc\Test.LoggerSrc.shproj", "{C77751CA-5D66-4DF0-B959-7E07F70576DC}"
EndProject
Project("{9A19103F-16F7-4668-BE54-9A1E7A4F7556}") = "Test.Core.Logger1", "Core\Tests\Test.Core.Logger1\Test.Core.Logger1.csproj", "{19AFB4D8-EDCB-4386-89D4-FAF9D2F842A5}"
EndProject
Project("{9A19103F-16F7-4668-BE54-9A1E7A4F7556}") = "Test.Core.Logger2", "Core\Tests\Test.Core.Logger2\Test.Core.Logger2.csproj", "{642B8712-208B-47FE-A495-D1F974D1A16D}"
EndProject
Project("{FAE04EC0-301F-11D3-BF4B-00C04F79EFBC}") = "Test.Logger1", "Framework\Tests\Test.Logger1\Test.Logger1.csproj", "{32CA3D74-BE4B-444A-B85F-0C1A0FF55644}"
EndProject
Project("{FAE04EC0-301F-11D3-BF4B-00C04F79EFBC}") = "Test.Logger2", "Framework\Tests\Test.Logger2\Test.Logger2.csproj", "{622C5040-050A-4C60-ACC9-C31B930ED464}"
EndProject
Project("{2150E333-8FDC-42A3-9474-1A3956D46DE8}") = "~Doc", "~Doc", "{AEE45B3A-66E2-4EFF-8992-3D719BA2AB6F}"
	ProjectSection(SolutionItems) = preProject
		LICENSE = LICENSE
		README.md = README.md
	EndProjectSection
EndProject
Global
	GlobalSection(SolutionConfigurationPlatforms) = preSolution
		Debug|Any CPU = Debug|Any CPU
		Debug|x64 = Debug|x64
		Release|Any CPU = Release|Any CPU
		Release|x64 = Release|x64
	EndGlobalSection
	GlobalSection(ProjectConfigurationPlatforms) = postSolution
		{1AB48E96-44FE-4278-96BA-478C67BC7B01}.Debug|Any CPU.ActiveCfg = Debug|Any CPU
		{1AB48E96-44FE-4278-96BA-478C67BC7B01}.Debug|Any CPU.Build.0 = Debug|Any CPU
		{1AB48E96-44FE-4278-96BA-478C67BC7B01}.Debug|x64.ActiveCfg = Debug|x64
		{1AB48E96-44FE-4278-96BA-478C67BC7B01}.Debug|x64.Build.0 = Debug|x64
		{1AB48E96-44FE-4278-96BA-478C67BC7B01}.Release|Any CPU.ActiveCfg = Release|Any CPU
		{1AB48E96-44FE-4278-96BA-478C67BC7B01}.Release|Any CPU.Build.0 = Release|Any CPU
		{1AB48E96-44FE-4278-96BA-478C67BC7B01}.Release|x64.ActiveCfg = Release|x64
		{1AB48E96-44FE-4278-96BA-478C67BC7B01}.Release|x64.Build.0 = Release|x64
		{19AFB4D8-EDCB-4386-89D4-FAF9D2F842A5}.Debug|Any CPU.ActiveCfg = Debug|Any CPU
		{19AFB4D8-EDCB-4386-89D4-FAF9D2F842A5}.Debug|Any CPU.Build.0 = Debug|Any CPU
		{19AFB4D8-EDCB-4386-89D4-FAF9D2F842A5}.Debug|x64.ActiveCfg = Debug|x64
		{19AFB4D8-EDCB-4386-89D4-FAF9D2F842A5}.Debug|x64.Build.0 = Debug|x64
		{19AFB4D8-EDCB-4386-89D4-FAF9D2F842A5}.Release|Any CPU.ActiveCfg = Release|Any CPU
		{19AFB4D8-EDCB-4386-89D4-FAF9D2F842A5}.Release|Any CPU.Build.0 = Release|Any CPU
		{19AFB4D8-EDCB-4386-89D4-FAF9D2F842A5}.Release|x64.ActiveCfg = Release|x64
		{19AFB4D8-EDCB-4386-89D4-FAF9D2F842A5}.Release|x64.Build.0 = Release|x64
		{642B8712-208B-47FE-A495-D1F974D1A16D}.Debug|Any CPU.ActiveCfg = Debug|Any CPU
		{642B8712-208B-47FE-A495-D1F974D1A16D}.Debug|Any CPU.Build.0 = Debug|Any CPU
		{642B8712-208B-47FE-A495-D1F974D1A16D}.Debug|x64.ActiveCfg = Debug|x64
		{642B8712-208B-47FE-A495-D1F974D1A16D}.Debug|x64.Build.0 = Debug|x64
		{642B8712-208B-47FE-A495-D1F974D1A16D}.Release|Any CPU.ActiveCfg = Release|Any CPU
		{642B8712-208B-47FE-A495-D1F974D1A16D}.Release|Any CPU.Build.0 = Release|Any CPU
		{642B8712-208B-47FE-A495-D1F974D1A16D}.Release|x64.ActiveCfg = Release|x64
		{642B8712-208B-47FE-A495-D1F974D1A16D}.Release|x64.Build.0 = Release|x64
		{32CA3D74-BE4B-444A-B85F-0C1A0FF55644}.Debug|Any CPU.ActiveCfg = Debug|Any CPU
		{32CA3D74-BE4B-444A-B85F-0C1A0FF55644}.Debug|Any CPU.Build.0 = Debug|Any CPU
		{32CA3D74-BE4B-444A-B85F-0C1A0FF55644}.Debug|x64.ActiveCfg = Debug|x64
		{32CA3D74-BE4B-444A-B85F-0C1A0FF55644}.Debug|x64.Build.0 = Debug|x64
		{32CA3D74-BE4B-444A-B85F-0C1A0FF55644}.Release|Any CPU.ActiveCfg = Release|Any CPU
		{32CA3D74-BE4B-444A-B85F-0C1A0FF55644}.Release|Any CPU.Build.0 = Release|Any CPU
		{32CA3D74-BE4B-444A-B85F-0C1A0FF55644}.Release|x64.ActiveCfg = Release|x64
		{32CA3D74-BE4B-444A-B85F-0C1A0FF55644}.Release|x64.Build.0 = Release|x64
		{622C5040-050A-4C60-ACC9-C31B930ED464}.Debug|Any CPU.ActiveCfg = Debug|Any CPU
		{622C5040-050A-4C60-ACC9-C31B930ED464}.Debug|Any CPU.Build.0 = Debug|Any CPU
		{622C5040-050A-4C60-ACC9-C31B930ED464}.Debug|x64.ActiveCfg = Debug|x64
		{622C5040-050A-4C60-ACC9-C31B930ED464}.Debug|x64.Build.0 = Debug|x64
		{622C5040-050A-4C60-ACC9-C31B930ED464}.Release|Any CPU.ActiveCfg = Release|Any CPU
		{622C5040-050A-4C60-ACC9-C31B930ED464}.Release|Any CPU.Build.0 = Release|Any CPU
		{622C5040-050A-4C60-ACC9-C31B930ED464}.Release|x64.ActiveCfg = Release|x64
		{622C5040-050A-4C60-ACC9-C31B930ED464}.Release|x64.Build.0 = Release|x64
	EndGlobalSection
	GlobalSection(SolutionProperties) = preSolution
		HideSolutionNode = FALSE
	EndGlobalSection
	GlobalSection(NestedProjects) = preSolution
		{A08A5AB5-2A25-4F31-9095-F9D97E7165A0} = {D7170F15-BEA2-40C2-8F0E-E86C2C4EDEDA}
		{EFBE5641-5DF3-4BC5-A48D-63AE5B1A0790} = {D7170F15-BEA2-40C2-8F0E-E86C2C4EDEDA}
		{0D328CE9-244C-4B17-B056-AEE758A3AB78} = {A08A5AB5-2A25-4F31-9095-F9D97E7165A0}
		{650002C9-E42B-4556-9F4E-64225B84F36D} = {ACD812AB-72E2-4CD8-9566-8AF085B11349}
		{C99201EC-4467-4041-9438-852D599E478F} = {D6806617-518C-452B-AB24-36085E5D2DCA}
		{B4ABB0DD-3A68-430B-BF78-D5D4C571CB39} = {ACD812AB-72E2-4CD8-9566-8AF085B11349}
		{24B28C5C-59FE-4FE4-B4B5-3873031400BC} = {D6806617-518C-452B-AB24-36085E5D2DCA}
		{1AB48E96-44FE-4278-96BA-478C67BC7B01} = {24B28C5C-59FE-4FE4-B4B5-3873031400BC}
		{C77751CA-5D66-4DF0-B959-7E07F70576DC} = {EFBE5641-5DF3-4BC5-A48D-63AE5B1A0790}
		{19AFB4D8-EDCB-4386-89D4-FAF9D2F842A5} = {650002C9-E42B-4556-9F4E-64225B84F36D}
		{642B8712-208B-47FE-A495-D1F974D1A16D} = {650002C9-E42B-4556-9F4E-64225B84F36D}
		{32CA3D74-BE4B-444A-B85F-0C1A0FF55644} = {C99201EC-4467-4041-9438-852D599E478F}
		{622C5040-050A-4C60-ACC9-C31B930ED464} = {C99201EC-4467-4041-9438-852D599E478F}
	EndGlobalSection
	GlobalSection(ExtensibilityGlobals) = postSolution
		SolutionGuid = {C4E42304-91FB-4184-87BD-986E35FA0740}
	EndGlobalSection
	GlobalSection(SharedMSBuildProjectFiles) = preSolution
		Source\Libraries\CsTool.LoggerSrc\CsTool.LoggerSrc.projitems*{0d328ce9-244c-4b17-b056-aee758a3ab78}*SharedItemsImports = 13
		Source\Tests\Test.LoggerSrc\Test.LoggerSrc.projitems*{19afb4d8-edcb-4386-89d4-faf9d2f842a5}*SharedItemsImports = 5
		Source\Libraries\CsTool.LoggerSrc\CsTool.LoggerSrc.projitems*{1ab48e96-44fe-4278-96ba-478c67bc7b01}*SharedItemsImports = 4
		Source\Tests\Test.LoggerSrc\Test.LoggerSrc.projitems*{32ca3d74-be4b-444a-b85f-0c1a0ff55644}*SharedItemsImports = 4
		Source\Libraries\CsTool.LoggerSrc\CsTool.LoggerSrc.projitems*{622c5040-050a-4c60-acc9-c31b930ed464}*SharedItemsImports = 4
		Source\Tests\Test.LoggerSrc\Test.LoggerSrc.projitems*{622c5040-050a-4c60-acc9-c31b930ed464}*SharedItemsImports = 4
		Source\Libraries\CsTool.LoggerSrc\CsTool.LoggerSrc.projitems*{642b8712-208b-47fe-a495-d1f974d1a16d}*SharedItemsImports = 5
		Source\Tests\Test.LoggerSrc\Test.LoggerSrc.projitems*{642b8712-208b-47fe-a495-d1f974d1a16d}*SharedItemsImports = 5
		Source\Tests\Test.LoggerSrc\Test.LoggerSrc.projitems*{c77751ca-5d66-4df0-b959-7e07f70576dc}*SharedItemsImports = 13
	EndGlobalSection
EndGlobal
