
Microsoft Visual Studio Solution File, Format Version 12.00
# Visual Studio Version 18
VisualStudioVersion = 18.3.11505.172
MinimumVisualStudioVersion = 10.0.40219.1
Project("{2150E333-8FDC-42A3-9474-1A3956D46DE8}") = "Source", "Source", "{D7170F15-BEA2-40C2-8F0E-E86C2C4EDEDA}"
EndProject
Project("{2150E333-8FDC-42A3-9474-1A3956D46DE8}") = "Libraries", "Libraries", "{A08A5AB5-2A25-4F31-9095-F9D97E7165A0}"
EndProject
Project("{2150E333-8FDC-42A3-9474-1A3956D46DE8}") = "Tests", "Tests", "{EFBE5641-5DF3-4BC5-A48D-63AE5B1A0790}"
EndProject
Project("{D954291E-2A0B-460D-934E-DC6B0785DB48}") = "CsTool.LoggerSrc", "Source\Libraries\CsTool.LoggerSrc\CsTool.LoggerSrc.shproj", "{0D328CE9-244C-4B17-B056-AEE758A3AB78}"
EndProject
Project("{2150E333-8FDC-42A3-9474-1A3956D46DE8}") = "Libraries", "Libraries", "{24B28C5C-59FE-4FE4-B4B5-3873031400BC}"
EndProject
Project("{D954291E-2A0B-460D-934E-DC6B0785DB48}") = "Test.LoggerSrc", "Source\Tests\Test.LoggerSrc\Test.LoggerSrc.shproj", "{C77751CA-5D66-4DF0-B959-7E07F70576DC}"
EndProject
Project("{2150E333-8FDC-42A3-9474-1A3956D46DE8}") = "~Doc", "~Doc", "{AEE45B3A-66E2-4EFF-8992-3D719BA2AB6F}"
	ProjectSection(SolutionItems) = preProject
		LICENSE = LICENSE
		README.md = README.md
	EndProjectSection
EndProject
Project("{D954291E-2A0B-460D-934E-DC6B0785DB48}") = "Test.LoggerXmlSrc", "Source\Tests\Test.LoggerXmlSrc\Test.LoggerXmlSrc.shproj", "{96469CED-0F97-45A1-A5AE-10AED4029490}"
EndProject
Project("{FAE04EC0-301F-11D3-BF4B-00C04F79EFBC}") = "CsTool.Logger", "Source\Libraries\CsTool.Logger\CsTool.Logger.csproj", "{BAA5A085-169B-D493-8069-9DF914D3EB9D}"
EndProject
Project("{FAE04EC0-301F-11D3-BF4B-00C04F79EFBC}") = "Test.Logger1", "Source\Tests\Test.Logger1\Test.Logger1.csproj", "{F889E364-A3BE-2FFC-9844-127DA263F844}"
EndProject
Project("{FAE04EC0-301F-11D3-BF4B-00C04F79EFBC}") = "Test.LoggerXml", "Source\Tests\Test.LoggerXml\Test.LoggerXml.csproj", "{A85C20C3-9E7E-A037-03F5-FCC94C9EB5D6}"
EndProject
Project("{2150E333-8FDC-42A3-9474-1A3956D46DE8}") = "Net481", "Net481", "{02EA681E-C7D8-13C7-8484-4AC65E1B71E8}"
EndProject
Project("{FAE04EC0-301F-11D3-BF4B-00C04F79EFBC}") = "CsTool.Logger", "Source\Libraries\Net481\CsTool.Logger\CsTool.Logger.csproj", "{5D4F24F2-6C1A-F9BE-8ABF-211185A10CE4}"
EndProject
Project("{2150E333-8FDC-42A3-9474-1A3956D46DE8}") = "Nuget", "Nuget", "{57B63CA9-D347-43F0-85AF-D4ACA71B4CAD}"
EndProject
Project("{FAE04EC0-301F-11D3-BF4B-00C04F79EFBC}") = "Test.LoggerWpfNet8", "Source\Tests\Nuget\Test.LoggerWpfNet8\Test.LoggerWpfNet8.csproj", "{95D8AF81-9BEC-37F6-C3B2-A55033FB4DD5}"
EndProject
Project("{FAE04EC0-301F-11D3-BF4B-00C04F79EFBC}") = "Test.LoggerWpfNet8", "Source\Tests\Test.LoggerWpfNet8\Test.LoggerWpfNet8.csproj", "{F2C63EEA-6F54-A531-8EE4-76C4ADC953C9}"
EndProject
Global
	GlobalSection(SolutionConfigurationPlatforms) = preSolution
		Debug|Any CPU = Debug|Any CPU
		Debug|x64 = Debug|x64
		Release|Any CPU = Release|Any CPU
		Release|x64 = Release|x64
	EndGlobalSection
	GlobalSection(ProjectConfigurationPlatforms) = postSolution
		{BAA5A085-169B-D493-8069-9DF914D3EB9D}.Debug|Any CPU.ActiveCfg = Debug|Any CPU
		{BAA5A085-169B-D493-8069-9DF914D3EB9D}.Debug|Any CPU.Build.0 = Debug|Any CPU
		{BAA5A085-169B-D493-8069-9DF914D3EB9D}.Debug|x64.ActiveCfg = Debug|Any CPU
		{BAA5A085-169B-D493-8069-9DF914D3EB9D}.Debug|x64.Build.0 = Debug|Any CPU
		{BAA5A085-169B-D493-8069-9DF914D3EB9D}.Release|Any CPU.ActiveCfg = Release|Any CPU
		{BAA5A085-169B-D493-8069-9DF914D3EB9D}.Release|Any CPU.Build.0 = Release|Any CPU
		{BAA5A085-169B-D493-8069-9DF914D3EB9D}.Release|x64.ActiveCfg = Release|Any CPU
		{BAA5A085-169B-D493-8069-9DF914D3EB9D}.Release|x64.Build.0 = Release|Any CPU
		{F889E364-A3BE-2FFC-9844-127DA263F844}.Debug|Any CPU.ActiveCfg = Debug|Any CPU
		{F889E364-A3BE-2FFC-9844-127DA263F844}.Debug|Any CPU.Build.0 = Debug|Any CPU
		{F889E364-A3BE-2FFC-9844-127DA263F844}.Debug|x64.ActiveCfg = Debug|Any CPU
		{F889E364-A3BE-2FFC-9844-127DA263F844}.Debug|x64.Build.0 = Debug|Any CPU
		{F889E364-A3BE-2FFC-9844-127DA263F844}.Release|Any CPU.ActiveCfg = Release|Any CPU
		{F889E364-A3BE-2FFC-9844-127DA263F844}.Release|Any CPU.Build.0 = Release|Any CPU
		{F889E364-A3BE-2FFC-9844-127DA263F844}.Release|x64.ActiveCfg = Release|Any CPU
		{F889E364-A3BE-2FFC-9844-127DA263F844}.Release|x64.Build.0 = Release|Any CPU
		{A85C20C3-9E7E-A037-03F5-FCC94C9EB5D6}.Debug|Any CPU.ActiveCfg = Debug|Any CPU
		{A85C20C3-9E7E-A037-03F5-FCC94C9EB5D6}.Debug|Any CPU.Build.0 = Debug|Any CPU
		{A85C20C3-9E7E-A037-03F5-FCC94C9EB5D6}.Debug|x64.ActiveCfg = Debug|Any CPU
		{A85C20C3-9E7E-A037-03F5-FCC94C9EB5D6}.Debug|x64.Build.0 = Debug|Any CPU
		{A85C20C3-9E7E-A037-03F5-FCC94C9EB5D6}.Release|Any CPU.ActiveCfg = Release|Any CPU
		{A85C20C3-9E7E-A037-03F5-FCC94C9EB5D6}.Release|Any CPU.Build.0 = Release|Any CPU
		{A85C20C3-9E7E-A037-03F5-FCC94C9EB5D6}.Release|x64.ActiveCfg = Release|Any CPU
		{A85C20C3-9E7E-A037-03F5-FCC94C9EB5D6}.Release|x64.Build.0 = Release|Any CPU
		{5D4F24F2-6C1A-F9BE-8ABF-211185A10CE4}.Debug|Any CPU.ActiveCfg = Debug|Any CPU
		{5D4F24F2-6C1A-F9BE-8ABF-211185A10CE4}.Debug|Any CPU.Build.0 = Debug|Any CPU
		{5D4F24F2-6C1A-F9BE-8ABF-211185A10CE4}.Debug|x64.ActiveCfg = Debug|Any CPU
		{5D4F24F2-6C1A-F9BE-8ABF-211185A10CE4}.Debug|x64.Build.0 = Debug|Any CPU
		{5D4F24F2-6C1A-F9BE-8ABF-211185A10CE4}.Release|Any CPU.ActiveCfg = Release|Any CPU
		{5D4F24F2-6C1A-F9BE-8ABF-211185A10CE4}.Release|Any CPU.Build.0 = Release|Any CPU
		{5D4F24F2-6C1A-F9BE-8ABF-211185A10CE4}.Release|x64.ActiveCfg = Release|Any CPU
		{5D4F24F2-6C1A-F9BE-8ABF-211185A10CE4}.Release|x64.Build.0 = Release|Any CPU
		{95D8AF81-9BEC-37F6-C3B2-A55033FB4DD5}.Debug|Any CPU.ActiveCfg = Debug|Any CPU
		{95D8AF81-9BEC-37F6-C3B2-A55033FB4DD5}.Debug|Any CPU.Build.0 = Debug|Any CPU
		{95D8AF81-9BEC-37F6-C3B2-A55033FB4DD5}.Debug|x64.ActiveCfg = Debug|Any CPU
		{95D8AF81-9BEC-37F6-C3B2-A55033FB4DD5}.Debug|x64.Build.0 = Debug|Any CPU
		{95D8AF81-9BEC-37F6-C3B2-A55033FB4DD5}.Release|Any CPU.ActiveCfg = Release|Any CPU
		{95D8AF81-9BEC-37F6-C3B2-A55033FB4DD5}.Release|Any CPU.Build.0 = Release|Any CPU
		{95D8AF81-9BEC-37F6-C3B2-A55033FB4DD5}.Release|x64.ActiveCfg = Release|Any CPU
		{95D8AF81-9BEC-37F6-C3B2-A55033FB4DD5}.Release|x64.Build.0 = Release|Any CPU
		{F2C63EEA-6F54-A531-8EE4-76C4ADC953C9}.Debug|Any CPU.ActiveCfg = Debug|Any CPU
		{F2C63EEA-6F54-A531-8EE4-76C4ADC953C9}.Debug|Any CPU.Build.0 = Debug|Any CPU
		{F2C63EEA-6F54-A531-8EE4-76C4ADC953C9}.Debug|x64.ActiveCfg = Debug|Any CPU
		{F2C63EEA-6F54-A531-8EE4-76C4ADC953C9}.Debug|x64.Build.0 = Debug|Any CPU
		{F2C63EEA-6F54-A531-8EE4-76C4ADC953C9}.Release|Any CPU.ActiveCfg = Release|Any CPU
		{F2C63EEA-6F54-A531-8EE4-76C4ADC953C9}.Release|Any CPU.Build.0 = Release|Any CPU
		{F2C63EEA-6F54-A531-8EE4-76C4ADC953C9}.Release|x64.ActiveCfg = Release|Any CPU
		{F2C63EEA-6F54-A531-8EE4-76C4ADC953C9}.Release|x64.Build.0 = Release|Any CPU
	EndGlobalSection
	GlobalSection(SolutionProperties) = preSolution
		HideSolutionNode = FALSE
	EndGlobalSection
	GlobalSection(NestedProjects) = preSolution
		{A08A5AB5-2A25-4F31-9095-F9D97E7165A0} = {D7170F15-BEA2-40C2-8F0E-E86C2C4EDEDA}
		{EFBE5641-5DF3-4BC5-A48D-63AE5B1A0790} = {D7170F15-BEA2-40C2-8F0E-E86C2C4EDEDA}
		{0D328CE9-244C-4B17-B056-AEE758A3AB78} = {A08A5AB5-2A25-4F31-9095-F9D97E7165A0}
		{C77751CA-5D66-4DF0-B959-7E07F70576DC} = {EFBE5641-5DF3-4BC5-A48D-63AE5B1A0790}
		{96469CED-0F97-45A1-A5AE-10AED4029490} = {EFBE5641-5DF3-4BC5-A48D-63AE5B1A0790}
		{BAA5A085-169B-D493-8069-9DF914D3EB9D} = {A08A5AB5-2A25-4F31-9095-F9D97E7165A0}
		{F889E364-A3BE-2FFC-9844-127DA263F844} = {EFBE5641-5DF3-4BC5-A48D-63AE5B1A0790}
		{A85C20C3-9E7E-A037-03F5-FCC94C9EB5D6} = {EFBE5641-5DF3-4BC5-A48D-63AE5B1A0790}
		{02EA681E-C7D8-13C7-8484-4AC65E1B71E8} = {A08A5AB5-2A25-4F31-9095-F9D97E7165A0}
		{5D4F24F2-6C1A-F9BE-8ABF-211185A10CE4} = {02EA681E-C7D8-13C7-8484-4AC65E1B71E8}
		{57B63CA9-D347-43F0-85AF-D4ACA71B4CAD} = {EFBE5641-5DF3-4BC5-A48D-63AE5B1A0790}
		{95D8AF81-9BEC-37F6-C3B2-A55033FB4DD5} = {57B63CA9-D347-43F0-85AF-D4ACA71B4CAD}
		{F2C63EEA-6F54-A531-8EE4-76C4ADC953C9} = {EFBE5641-5DF3-4BC5-A48D-63AE5B1A0790}
	EndGlobalSection
	GlobalSection(ExtensibilityGlobals) = postSolution
		SolutionGuid = {C4E42304-91FB-4184-87BD-986E35FA0740}
	EndGlobalSection
	GlobalSection(SharedMSBuildProjectFiles) = preSolution
		Source\Libraries\CsTool.LoggerSrc\CsTool.LoggerSrc.projitems*{0d328ce9-244c-4b17-b056-aee758a3ab78}*SharedItemsImports = 13
		Source\Tests\Test.LoggerXmlSrc\Test.LoggerXmlSrc.projitems*{96469ced-0f97-45a1-a5ae-10aed4029490}*SharedItemsImports = 13
		Source\Tests\Test.LoggerXmlSrc\Test.LoggerXmlSrc.projitems*{a85c20c3-9e7e-a037-03f5-fcc94c9eb5d6}*SharedItemsImports = 5
		Source\Libraries\CsTool.LoggerSrc\CsTool.LoggerSrc.projitems*{baa5a085-169b-d493-8069-9df914d3eb9d}*SharedItemsImports = 5
		Source\Tests\Test.LoggerSrc\Test.LoggerSrc.projitems*{c77751ca-5d66-4df0-b959-7e07f70576dc}*SharedItemsImports = 13
		Source\Tests\Test.LoggerSrc\Test.LoggerSrc.projitems*{f889e364-a3be-2ffc-9844-127da263f844}*SharedItemsImports = 5
	EndGlobalSection
EndGlobal
